// !$*UTF8*$!
{
	archiveVersion = 1;
	classes = {
	};
	objectVersion = 50;
	objects = {

/* Begin PBXBuildFile section */
		9B49EFF221F9087200D9017D /* AppDelegate.swift in Sources */ = {isa = PBXBuildFile; fileRef = 9B49EFF121F9087200D9017D /* AppDelegate.swift */; };
		9B49EFF421F9087200D9017D /* ViewController.swift in Sources */ = {isa = PBXBuildFile; fileRef = 9B49EFF321F9087200D9017D /* ViewController.swift */; };
		9B49EFF721F9087200D9017D /* Main.storyboard in Resources */ = {isa = PBXBuildFile; fileRef = 9B49EFF521F9087200D9017D /* Main.storyboard */; };
		9B49EFFA21F9087200D9017D /* Expenses.xcdatamodeld in Sources */ = {isa = PBXBuildFile; fileRef = 9B49EFF821F9087200D9017D /* Expenses.xcdatamodeld */; };
		9B49EFFC21F9087400D9017D /* Assets.xcassets in Resources */ = {isa = PBXBuildFile; fileRef = 9B49EFFB21F9087400D9017D /* Assets.xcassets */; };
		9B49EFFF21F9087400D9017D /* LaunchScreen.storyboard in Resources */ = {isa = PBXBuildFile; fileRef = 9B49EFFD21F9087400D9017D /* LaunchScreen.storyboard */; };
		9B49F00A21F9087400D9017D /* ExpensesTests.swift in Sources */ = {isa = PBXBuildFile; fileRef = 9B49F00921F9087400D9017D /* ExpensesTests.swift */; };
		9B49F01521F9087400D9017D /* ExpensesUITests.swift in Sources */ = {isa = PBXBuildFile; fileRef = 9B49F01421F9087400D9017D /* ExpensesUITests.swift */; };
/* End PBXBuildFile section */

/* Begin PBXContainerItemProxy section */
		9B49F00621F9087400D9017D /* PBXContainerItemProxy */ = {
			isa = PBXContainerItemProxy;
			containerPortal = 9B49EFE621F9087200D9017D /* Project object */;
			proxyType = 1;
			remoteGlobalIDString = 9B49EFED21F9087200D9017D;
			remoteInfo = Expenses;
		};
		9B49F01121F9087400D9017D /* PBXContainerItemProxy */ = {
			isa = PBXContainerItemProxy;
			containerPortal = 9B49EFE621F9087200D9017D /* Project object */;
			proxyType = 1;
			remoteGlobalIDString = 9B49EFED21F9087200D9017D;
			remoteInfo = Expenses;
		};
/* End PBXContainerItemProxy section */

/* Begin PBXFileReference section */
		9B49EFEE21F9087200D9017D /* Expenses.app */ = {isa = PBXFileReference; explicitFileType = wrapper.application; includeInIndex = 0; path = Expenses.app; sourceTree = BUILT_PRODUCTS_DIR; };
		9B49EFF121F9087200D9017D /* AppDelegate.swift */ = {isa = PBXFileReference; lastKnownFileType = sourcecode.swift; path = AppDelegate.swift; sourceTree = "<group>"; };
		9B49EFF321F9087200D9017D /* ViewController.swift */ = {isa = PBXFileReference; lastKnownFileType = sourcecode.swift; path = ViewController.swift; sourceTree = "<group>"; };
		9B49EFF621F9087200D9017D /* Base */ = {isa = PBXFileReference; lastKnownFileType = file.storyboard; name = Base; path = Base.lproj/Main.storyboard; sourceTree = "<group>"; };
		9B49EFF921F9087200D9017D /* Expenses.xcdatamodel */ = {isa = PBXFileReference; lastKnownFileType = wrapper.xcdatamodel; path = Expenses.xcdatamodel; sourceTree = "<group>"; };
		9B49EFFB21F9087400D9017D /* Assets.xcassets */ = {isa = PBXFileReference; lastKnownFileType = folder.assetcatalog; path = Assets.xcassets; sourceTree = "<group>"; };
		9B49EFFE21F9087400D9017D /* Base */ = {isa = PBXFileReference; lastKnownFileType = file.storyboard; name = Base; path = Base.lproj/LaunchScreen.storyboard; sourceTree = "<group>"; };
		9B49F00021F9087400D9017D /* Info.plist */ = {isa = PBXFileReference; lastKnownFileType = text.plist.xml; path = Info.plist; sourceTree = "<group>"; };
		9B49F00521F9087400D9017D /* ExpensesTests.xctest */ = {isa = PBXFileReference; explicitFileType = wrapper.cfbundle; includeInIndex = 0; path = ExpensesTests.xctest; sourceTree = BUILT_PRODUCTS_DIR; };
		9B49F00921F9087400D9017D /* ExpensesTests.swift */ = {isa = PBXFileReference; lastKnownFileType = sourcecode.swift; path = ExpensesTests.swift; sourceTree = "<group>"; };
		9B49F00B21F9087400D9017D /* Info.plist */ = {isa = PBXFileReference; lastKnownFileType = text.plist.xml; path = Info.plist; sourceTree = "<group>"; };
		9B49F01021F9087400D9017D /* ExpensesUITests.xctest */ = {isa = PBXFileReference; explicitFileType = wrapper.cfbundle; includeInIndex = 0; path = ExpensesUITests.xctest; sourceTree = BUILT_PRODUCTS_DIR; };
		9B49F01421F9087400D9017D /* ExpensesUITests.swift */ = {isa = PBXFileReference; lastKnownFileType = sourcecode.swift; path = ExpensesUITests.swift; sourceTree = "<group>"; };
		9B49F01621F9087400D9017D /* Info.plist */ = {isa = PBXFileReference; lastKnownFileType = text.plist.xml; path = Info.plist; sourceTree = "<group>"; };
/* End PBXFileReference section */

/* Begin PBXFrameworksBuildPhase section */
		9B49EFEB21F9087200D9017D /* Frameworks */ = {
			isa = PBXFrameworksBuildPhase;
			buildActionMask = 2147483647;
			files = (
			);
			runOnlyForDeploymentPostprocessing = 0;
		};
		9B49F00221F9087400D9017D /* Frameworks */ = {
			isa = PBXFrameworksBuildPhase;
			buildActionMask = 2147483647;
			files = (
			);
			runOnlyForDeploymentPostprocessing = 0;
		};
		9B49F00D21F9087400D9017D /* Frameworks */ = {
			isa = PBXFrameworksBuildPhase;
			buildActionMask = 2147483647;
			files = (
			);
			runOnlyForDeploymentPostprocessing = 0;
		};
/* End PBXFrameworksBuildPhase section */

/* Begin PBXGroup section */
		9B49EFE521F9087200D9017D = {
			isa = PBXGroup;
			children = (
				9B49EFF021F9087200D9017D /* Expenses */,
				9B49F00821F9087400D9017D /* ExpensesTests */,
				9B49F01321F9087400D9017D /* ExpensesUITests */,
				9B49EFEF21F9087200D9017D /* Products */,
			);
			sourceTree = "<group>";
		};
		9B49EFEF21F9087200D9017D /* Products */ = {
			isa = PBXGroup;
			children = (
				9B49EFEE21F9087200D9017D /* Expenses.app */,
				9B49F00521F9087400D9017D /* ExpensesTests.xctest */,
				9B49F01021F9087400D9017D /* ExpensesUITests.xctest */,
			);
			name = Products;
			sourceTree = "<group>";
		};
		9B49EFF021F9087200D9017D /* Expenses */ = {
			isa = PBXGroup;
			children = (
				9B49EFF121F9087200D9017D /* AppDelegate.swift */,
				9B49EFF321F9087200D9017D /* ViewController.swift */,
				9B49EFF521F9087200D9017D /* Main.storyboard */,
				9B49EFFB21F9087400D9017D /* Assets.xcassets */,
				9B49EFFD21F9087400D9017D /* LaunchScreen.storyboard */,
				9B49F00021F9087400D9017D /* Info.plist */,
				9B49EFF821F9087200D9017D /* Expenses.xcdatamodeld */,
			);
			path = Expenses;
			sourceTree = "<group>";
		};
		9B49F00821F9087400D9017D /* ExpensesTests */ = {
			isa = PBXGroup;
			children = (
				9B49F00921F9087400D9017D /* ExpensesTests.swift */,
				9B49F00B21F9087400D9017D /* Info.plist */,
			);
			path = ExpensesTests;
			sourceTree = "<group>";
		};
		9B49F01321F9087400D9017D /* ExpensesUITests */ = {
			isa = PBXGroup;
			children = (
				9B49F01421F9087400D9017D /* ExpensesUITests.swift */,
				9B49F01621F9087400D9017D /* Info.plist */,
			);
			path = ExpensesUITests;
			sourceTree = "<group>";
		};
/* End PBXGroup section */

/* Begin PBXNativeTarget section */
		9B49EFED21F9087200D9017D /* Expenses */ = {
			isa = PBXNativeTarget;
			buildConfigurationList = 9B49F01921F9087400D9017D /* Build configuration list for PBXNativeTarget "Expenses" */;
			buildPhases = (
				9B49EFEA21F9087200D9017D /* Sources */,
				9B49EFEB21F9087200D9017D /* Frameworks */,
				9B49EFEC21F9087200D9017D /* Resources */,
			);
			buildRules = (
			);
			dependencies = (
			);
			name = Expenses;
			productName = Expenses;
			productReference = 9B49EFEE21F9087200D9017D /* Expenses.app */;
			productType = "com.apple.product-type.application";
		};
		9B49F00421F9087400D9017D /* ExpensesTests */ = {
			isa = PBXNativeTarget;
			buildConfigurationList = 9B49F01C21F9087400D9017D /* Build configuration list for PBXNativeTarget "ExpensesTests" */;
			buildPhases = (
				9B49F00121F9087400D9017D /* Sources */,
				9B49F00221F9087400D9017D /* Frameworks */,
				9B49F00321F9087400D9017D /* Resources */,
			);
			buildRules = (
			);
			dependencies = (
				9B49F00721F9087400D9017D /* PBXTargetDependency */,
			);
			name = ExpensesTests;
			productName = ExpensesTests;
			productReference = 9B49F00521F9087400D9017D /* ExpensesTests.xctest */;
			productType = "com.apple.product-type.bundle.unit-test";
		};
		9B49F00F21F9087400D9017D /* ExpensesUITests */ = {
			isa = PBXNativeTarget;
			buildConfigurationList = 9B49F01F21F9087400D9017D /* Build configuration list for PBXNativeTarget "ExpensesUITests" */;
			buildPhases = (
				9B49F00C21F9087400D9017D /* Sources */,
				9B49F00D21F9087400D9017D /* Frameworks */,
				9B49F00E21F9087400D9017D /* Resources */,
			);
			buildRules = (
			);
			dependencies = (
				9B49F01221F9087400D9017D /* PBXTargetDependency */,
			);
			name = ExpensesUITests;
			productName = ExpensesUITests;
			productReference = 9B49F01021F9087400D9017D /* ExpensesUITests.xctest */;
			productType = "com.apple.product-type.bundle.ui-testing";
		};
/* End PBXNativeTarget section */

/* Begin PBXProject section */
		9B49EFE621F9087200D9017D /* Project object */ = {
			isa = PBXProject;
			attributes = {
				LastSwiftUpdateCheck = 1010;
				LastUpgradeCheck = 1010;
				ORGANIZATIONNAME = "Jake Woratzeck";
				TargetAttributes = {
					9B49EFED21F9087200D9017D = {
						CreatedOnToolsVersion = 10.1;
					};
					9B49F00421F9087400D9017D = {
						CreatedOnToolsVersion = 10.1;
						TestTargetID = 9B49EFED21F9087200D9017D;
					};
					9B49F00F21F9087400D9017D = {
						CreatedOnToolsVersion = 10.1;
						TestTargetID = 9B49EFED21F9087200D9017D;
					};
				};
			};
			buildConfigurationList = 9B49EFE921F9087200D9017D /* Build configuration list for PBXProject "Expenses" */;
			compatibilityVersion = "Xcode 9.3";
			developmentRegion = en;
			hasScannedForEncodings = 0;
			knownRegions = (
				en,
				Base,
			);
			mainGroup = 9B49EFE521F9087200D9017D;
			productRefGroup = 9B49EFEF21F9087200D9017D /* Products */;
			projectDirPath = "";
			projectRoot = "";
			targets = (
				9B49EFED21F9087200D9017D /* Expenses */,
				9B49F00421F9087400D9017D /* ExpensesTests */,
				9B49F00F21F9087400D9017D /* ExpensesUITests */,
			);
		};
/* End PBXProject section */

/* Begin PBXResourcesBuildPhase section */
		9B49EFEC21F9087200D9017D /* Resources */ = {
			isa = PBXResourcesBuildPhase;
			buildActionMask = 2147483647;
			files = (
				9B49EFFF21F9087400D9017D /* LaunchScreen.storyboard in Resources */,
				9B49EFFC21F9087400D9017D /* Assets.xcassets in Resources */,
				9B49EFF721F9087200D9017D /* Main.storyboard in Resources */,
			);
			runOnlyForDeploymentPostprocessing = 0;
		};
		9B49F00321F9087400D9017D /* Resources */ = {
			isa = PBXResourcesBuildPhase;
			buildActionMask = 2147483647;
			files = (
			);
			runOnlyForDeploymentPostprocessing = 0;
		};
		9B49F00E21F9087400D9017D /* Resources */ = {
			isa = PBXResourcesBuildPhase;
			buildActionMask = 2147483647;
			files = (
			);
			runOnlyForDeploymentPostprocessing = 0;
		};
/* End PBXResourcesBuildPhase section */

/* Begin PBXSourcesBuildPhase section */
		9B49EFEA21F9087200D9017D /* Sources */ = {
			isa = PBXSourcesBuildPhase;
			buildActionMask = 2147483647;
			files = (
				9B49EFF421F9087200D9017D /* ViewController.swift in Sources */,
				9B49EFFA21F9087200D9017D /* Expenses.xcdatamodeld in Sources */,
				9B49EFF221F9087200D9017D /* AppDelegate.swift in Sources */,
			);
			runOnlyForDeploymentPostprocessing = 0;
		};
		9B49F00121F9087400D9017D /* Sources */ = {
			isa = PBXSourcesBuildPhase;
			buildActionMask = 2147483647;
			files = (
				9B49F00A21F9087400D9017D /* ExpensesTests.swift in Sources */,
			);
			runOnlyForDeploymentPostprocessing = 0;
		};
		9B49F00C21F9087400D9017D /* Sources */ = {
			isa = PBXSourcesBuildPhase;
			buildActionMask = 2147483647;
			files = (
				9B49F01521F9087400D9017D /* ExpensesUITests.swift in Sources */,
			);
			runOnlyForDeploymentPostprocessing = 0;
		};
/* End PBXSourcesBuildPhase section */

/* Begin PBXTargetDependency section */
		9B49F00721F9087400D9017D /* PBXTargetDependency */ = {
			isa = PBXTargetDependency;
			target = 9B49EFED21F9087200D9017D /* Expenses */;
			targetProxy = 9B49F00621F9087400D9017D /* PBXContainerItemProxy */;
		};
		9B49F01221F9087400D9017D /* PBXTargetDependency */ = {
			isa = PBXTargetDependency;
			target = 9B49EFED21F9087200D9017D /* Expenses */;
			targetProxy = 9B49F01121F9087400D9017D /* PBXContainerItemProxy */;
		};
/* End PBXTargetDependency section */

/* Begin PBXVariantGroup section */
		9B49EFF521F9087200D9017D /* Main.storyboard */ = {
			isa = PBXVariantGroup;
			children = (
				9B49EFF621F9087200D9017D /* Base */,
			);
			name = Main.storyboard;
			sourceTree = "<group>";
		};
		9B49EFFD21F9087400D9017D /* LaunchScreen.storyboard */ = {
			isa = PBXVariantGroup;
			children = (
				9B49EFFE21F9087400D9017D /* Base */,
			);
			name = LaunchScreen.storyboard;
			sourceTree = "<group>";
		};
/* End PBXVariantGroup section */

/* Begin XCBuildConfiguration section */
		9B49F01721F9087400D9017D /* Debug */ = {
			isa = XCBuildConfiguration;
			buildSettings = {
				ALWAYS_SEARCH_USER_PATHS = NO;
				CLANG_ANALYZER_NONNULL = YES;
				CLANG_ANALYZER_NUMBER_OBJECT_CONVERSION = YES_AGGRESSIVE;
				CLANG_CXX_LANGUAGE_STANDARD = "gnu++14";
				CLANG_CXX_LIBRARY = "libc++";
				CLANG_ENABLE_MODULES = YES;
				CLANG_ENABLE_OBJC_ARC = YES;
				CLANG_ENABLE_OBJC_WEAK = YES;
				CLANG_WARN_BLOCK_CAPTURE_AUTORELEASING = YES;
				CLANG_WARN_BOOL_CONVERSION = YES;
				CLANG_WARN_COMMA = YES;
				CLANG_WARN_CONSTANT_CONVERSION = YES;
				CLANG_WARN_DEPRECATED_OBJC_IMPLEMENTATIONS = YES;
				CLANG_WARN_DIRECT_OBJC_ISA_USAGE = YES_ERROR;
				CLANG_WARN_DOCUMENTATION_COMMENTS = YES;
				CLANG_WARN_EMPTY_BODY = YES;
				CLANG_WARN_ENUM_CONVERSION = YES;
				CLANG_WARN_INFINITE_RECURSION = YES;
				CLANG_WARN_INT_CONVERSION = YES;
				CLANG_WARN_NON_LITERAL_NULL_CONVERSION = YES;
				CLANG_WARN_OBJC_IMPLICIT_RETAIN_SELF = YES;
				CLANG_WARN_OBJC_LITERAL_CONVERSION = YES;
				CLANG_WARN_OBJC_ROOT_CLASS = YES_ERROR;
				CLANG_WARN_RANGE_LOOP_ANALYSIS = YES;
				CLANG_WARN_STRICT_PROTOTYPES = YES;
				CLANG_WARN_SUSPICIOUS_MOVE = YES;
				CLANG_WARN_UNGUARDED_AVAILABILITY = YES_AGGRESSIVE;
				CLANG_WARN_UNREACHABLE_CODE = YES;
				CLANG_WARN__DUPLICATE_METHOD_MATCH = YES;
				CODE_SIGN_IDENTITY = "iPhone Developer";
				COPY_PHASE_STRIP = NO;
				DEBUG_INFORMATION_FORMAT = dwarf;
				ENABLE_STRICT_OBJC_MSGSEND = YES;
				ENABLE_TESTABILITY = YES;
				GCC_C_LANGUAGE_STANDARD = gnu11;
				GCC_DYNAMIC_NO_PIC = NO;
				GCC_NO_COMMON_BLOCKS = YES;
				GCC_OPTIMIZATION_LEVEL = 0;
				GCC_PREPROCESSOR_DEFINITIONS = (
					"DEBUG=1",
					"$(inherited)",
				);
				GCC_WARN_64_TO_32_BIT_CONVERSION = YES;
				GCC_WARN_ABOUT_RETURN_TYPE = YES_ERROR;
				GCC_WARN_UNDECLARED_SELECTOR = YES;
				GCC_WARN_UNINITIALIZED_AUTOS = YES_AGGRESSIVE;
				GCC_WARN_UNUSED_FUNCTION = YES;
				GCC_WARN_UNUSED_VARIABLE = YES;
				IPHONEOS_DEPLOYMENT_TARGET = 12.1;
				MTL_ENABLE_DEBUG_INFO = INCLUDE_SOURCE;
				MTL_FAST_MATH = YES;
				ONLY_ACTIVE_ARCH = YES;
				SDKROOT = iphoneos;
				SWIFT_ACTIVE_COMPILATION_CONDITIONS = DEBUG;
				SWIFT_OPTIMIZATION_LEVEL = "-Onone";
			};
			name = Debug;
		};
		9B49F01821F9087400D9017D /* Release */ = {
			isa = XCBuildConfiguration;
			buildSettings = {
				ALWAYS_SEARCH_USER_PATHS = NO;
				CLANG_ANALYZER_NONNULL = YES;
				CLANG_ANALYZER_NUMBER_OBJECT_CONVERSION = YES_AGGRESSIVE;
				CLANG_CXX_LANGUAGE_STANDARD = "gnu++14";
				CLANG_CXX_LIBRARY = "libc++";
				CLANG_ENABLE_MODULES = YES;
				CLANG_ENABLE_OBJC_ARC = YES;
				CLANG_ENABLE_OBJC_WEAK = YES;
				CLANG_WARN_BLOCK_CAPTURE_AUTORELEASING = YES;
				CLANG_WARN_BOOL_CONVERSION = YES;
				CLANG_WARN_COMMA = YES;
				CLANG_WARN_CONSTANT_CONVERSION = YES;
				CLANG_WARN_DEPRECATED_OBJC_IMPLEMENTATIONS = YES;
				CLANG_WARN_DIRECT_OBJC_ISA_USAGE = YES_ERROR;
				CLANG_WARN_DOCUMENTATION_COMMENTS = YES;
				CLANG_WARN_EMPTY_BODY = YES;
				CLANG_WARN_ENUM_CONVERSION = YES;
				CLANG_WARN_INFINITE_RECURSION = YES;
				CLANG_WARN_INT_CONVERSION = YES;
				CLANG_WARN_NON_LITERAL_NULL_CONVERSION = YES;
				CLANG_WARN_OBJC_IMPLICIT_RETAIN_SELF = YES;
				CLANG_WARN_OBJC_LITERAL_CONVERSION = YES;
				CLANG_WARN_OBJC_ROOT_CLASS = YES_ERROR;
				CLANG_WARN_RANGE_LOOP_ANALYSIS = YES;
				CLANG_WARN_STRICT_PROTOTYPES = YES;
				CLANG_WARN_SUSPICIOUS_MOVE = YES;
				CLANG_WARN_UNGUARDED_AVAILABILITY = YES_AGGRESSIVE;
				CLANG_WARN_UNREACHABLE_CODE = YES;
				CLANG_WARN__DUPLICATE_METHOD_MATCH = YES;
				CODE_SIGN_IDENTITY = "iPhone Developer";
				COPY_PHASE_STRIP = NO;
				DEBUG_INFORMATION_FORMAT = "dwarf-with-dsym";
				ENABLE_NS_ASSERTIONS = NO;
				ENABLE_STRICT_OBJC_MSGSEND = YES;
				GCC_C_LANGUAGE_STANDARD = gnu11;
				GCC_NO_COMMON_BLOCKS = YES;
				GCC_WARN_64_TO_32_BIT_CONVERSION = YES;
				GCC_WARN_ABOUT_RETURN_TYPE = YES_ERROR;
				GCC_WARN_UNDECLARED_SELECTOR = YES;
				GCC_WARN_UNINITIALIZED_AUTOS = YES_AGGRESSIVE;
				GCC_WARN_UNUSED_FUNCTION = YES;
				GCC_WARN_UNUSED_VARIABLE = YES;
				IPHONEOS_DEPLOYMENT_TARGET = 12.1;
				MTL_ENABLE_DEBUG_INFO = NO;
				MTL_FAST_MATH = YES;
				SDKROOT = iphoneos;
				SWIFT_COMPILATION_MODE = wholemodule;
				SWIFT_OPTIMIZATION_LEVEL = "-O";
				VALIDATE_PRODUCT = YES;
			};
			name = Release;
		};
		9B49F01A21F9087400D9017D /* Debug */ = {
			isa = XCBuildConfiguration;
			buildSettings = {
				ASSETCATALOG_COMPILER_APPICON_NAME = AppIcon;
				CODE_SIGN_STYLE = Automatic;
				INFOPLIST_FILE = Expenses/Info.plist;
				LD_RUNPATH_SEARCH_PATHS = (
					"$(inherited)",
					"@executable_path/Frameworks",
				);
				PRODUCT_BUNDLE_IDENTIFIER = edu.missouri.Expenses;
				PRODUCT_NAME = "$(TARGET_NAME)";
				SWIFT_VERSION = 4.2;
				TARGETED_DEVICE_FAMILY = "1,2";
			};
			name = Debug;
		};
		9B49F01B21F9087400D9017D /* Release */ = {
			isa = XCBuildConfiguration;
			buildSettings = {
				ASSETCATALOG_COMPILER_APPICON_NAME = AppIcon;
				CODE_SIGN_STYLE = Automatic;
				INFOPLIST_FILE = Expenses/Info.plist;
				LD_RUNPATH_SEARCH_PATHS = (
					"$(inherited)",
					"@executable_path/Frameworks",
				);
				PRODUCT_BUNDLE_IDENTIFIER = edu.missouri.Expenses;
				PRODUCT_NAME = "$(TARGET_NAME)";
				SWIFT_VERSION = 4.2;
				TARGETED_DEVICE_FAMILY = "1,2";
			};
			name = Release;
		};
		9B49F01D21F9087400D9017D /* Debug */ = {
			isa = XCBuildConfiguration;
			buildSettings = {
				ALWAYS_EMBED_SWIFT_STANDARD_LIBRARIES = YES;
				BUNDLE_LOADER = "$(TEST_HOST)";
				CODE_SIGN_STYLE = Automatic;
				INFOPLIST_FILE = ExpensesTests/Info.plist;
				LD_RUNPATH_SEARCH_PATHS = (
					"$(inherited)",
					"@executable_path/Frameworks",
					"@loader_path/Frameworks",
				);
				PRODUCT_BUNDLE_IDENTIFIER = edu.missouri.ExpensesTests;
				PRODUCT_NAME = "$(TARGET_NAME)";
				SWIFT_VERSION = 4.2;
				TARGETED_DEVICE_FAMILY = "1,2";
				TEST_HOST = "$(BUILT_PRODUCTS_DIR)/Expenses.app/Expenses";
			};
			name = Debug;
		};
		9B49F01E21F9087400D9017D /* Release */ = {
			isa = XCBuildConfiguration;
			buildSettings = {
				ALWAYS_EMBED_SWIFT_STANDARD_LIBRARIES = YES;
				BUNDLE_LOADER = "$(TEST_HOST)";
				CODE_SIGN_STYLE = Automatic;
				INFOPLIST_FILE = ExpensesTests/Info.plist;
				LD_RUNPATH_SEARCH_PATHS = (
					"$(inherited)",
					"@executable_path/Frameworks",
					"@loader_path/Frameworks",
				);
				PRODUCT_BUNDLE_IDENTIFIER = edu.missouri.ExpensesTests;
				PRODUCT_NAME = "$(TARGET_NAME)";
				SWIFT_VERSION = 4.2;
				TARGETED_DEVICE_FAMILY = "1,2";
				TEST_HOST = "$(BUILT_PRODUCTS_DIR)/Expenses.app/Expenses";
			};
			name = Release;
		};
		9B49F02021F9087400D9017D /* Debug */ = {
			isa = XCBuildConfiguration;
			buildSettings = {
				ALWAYS_EMBED_SWIFT_STANDARD_LIBRARIES = YES;
				CODE_SIGN_STYLE = Automatic;
				INFOPLIST_FILE = ExpensesUITests/Info.plist;
				LD_RUNPATH_SEARCH_PATHS = (
					"$(inherited)",
					"@executable_path/Frameworks",
					"@loader_path/Frameworks",
				);
				PRODUCT_BUNDLE_IDENTIFIER = edu.missouri.ExpensesUITests;
				PRODUCT_NAME = "$(TARGET_NAME)";
				SWIFT_VERSION = 4.2;
				TARGETED_DEVICE_FAMILY = "1,2";
				TEST_TARGET_NAME = Expenses;
			};
			name = Debug;
		};
		9B49F02121F9087400D9017D /* Release */ = {
			isa = XCBuildConfiguration;
			buildSettings = {
				ALWAYS_EMBED_SWIFT_STANDARD_LIBRARIES = YES;
				CODE_SIGN_STYLE = Automatic;
				INFOPLIST_FILE = ExpensesUITests/Info.plist;
				LD_RUNPATH_SEARCH_PATHS = (
					"$(inherited)",
					"@executable_path/Frameworks",
					"@loader_path/Frameworks",
				);
				PRODUCT_BUNDLE_IDENTIFIER = edu.missouri.ExpensesUITests;
				PRODUCT_NAME = "$(TARGET_NAME)";
				SWIFT_VERSION = 4.2;
				TARGETED_DEVICE_FAMILY = "1,2";
				TEST_TARGET_NAME = Expenses;
			};
			name = Release;
		};
/* End XCBuildConfiguration section */

/* Begin XCConfigurationList section */
		9B49EFE921F9087200D9017D /* Build configuration list for PBXProject "Expenses" */ = {
			isa = XCConfigurationList;
			buildConfigurations = (
				9B49F01721F9087400D9017D /* Debug */,
				9B49F01821F9087400D9017D /* Release */,
			);
			defaultConfigurationIsVisible = 0;
			defaultConfigurationName = Release;
		};
		9B49F01921F9087400D9017D /* Build configuration list for PBXNativeTarget "Expenses" */ = {
			isa = XCConfigurationList;
			buildConfigurations = (
				9B49F01A21F9087400D9017D /* Debug */,
				9B49F01B21F9087400D9017D /* Release */,
			);
			defaultConfigurationIsVisible = 0;
			defaultConfigurationName = Release;
		};
		9B49F01C21F9087400D9017D /* Build configuration list for PBXNativeTarget "ExpensesTests" */ = {
			isa = XCConfigurationList;
			buildConfigurations = (
				9B49F01D21F9087400D9017D /* Debug */,
				9B49F01E21F9087400D9017D /* Release */,
			);
			defaultConfigurationIsVisible = 0;
			defaultConfigurationName = Release;
		};
		9B49F01F21F9087400D9017D /* Build configuration list for PBXNativeTarget "ExpensesUITests" */ = {
			isa = XCConfigurationList;
			buildConfigurations = (
				9B49F02021F9087400D9017D /* Debug */,
				9B49F02121F9087400D9017D /* Release */,
			);
			defaultConfigurationIsVisible = 0;
			defaultConfigurationName = Release;
		};
/* End XCConfigurationList section */

/* Begin XCVersionGroup section */
		9B49EFF821F9087200D9017D /* Expenses.xcdatamodeld */ = {
			isa = XCVersionGroup;
			children = (
				9B49EFF921F9087200D9017D /* Expenses.xcdatamodel */,
			);
			currentVersion = 9B49EFF921F9087200D9017D /* Expenses.xcdatamodel */;
			path = Expenses.xcdatamodeld;
			sourceTree = "<group>";
			versionGroupType = wrapper.xcdatamodel;
		};
/* End XCVersionGroup section */
	};
	rootObject = 9B49EFE621F9087200D9017D /* Project object */;
}
